
Microsoft Visual Studio Solution File, Format Version 12.00
# Visual Studio Version 16
VisualStudioVersion = 16.0.30907.101
MinimumVisualStudioVersion = 10.0.40219.1
Project("{FAE04EC0-301F-11D3-BF4B-00C04F79EFBC}") = "ShubhamExpressionCode", "ShubhamExpressionCode.csproj", "{0910B346-1DF9-4907-9B68-D555863721D2}"
EndProject
Project("{FAE04EC0-301F-11D3-BF4B-00C04F79EFBC}") = "Common.Expression", "..\Common.Expression\Common.Expression.csproj", "{B8F2A0CB-3A48-474C-9676-44370D633FF7}"
EndProject
Project("{FAE04EC0-301F-11D3-BF4B-00C04F79EFBC}") = "Common.Expression.Tests", "..\Common.Expression.Tests\Common.Expression.Tests.csproj", "{8F9C6514-9540-48E7-B76F-4918ECE99A6F}"
EndProject
Global
	GlobalSection(SolutionConfigurationPlatforms) = preSolution
		Debug|Any CPU = Debug|Any CPU
		Release|Any CPU = Release|Any CPU
	EndGlobalSection
	GlobalSection(ProjectConfigurationPlatforms) = postSolution
		{0910B346-1DF9-4907-9B68-D555863721D2}.Debug|Any CPU.ActiveCfg = Debug|Any CPU
		{0910B346-1DF9-4907-9B68-D555863721D2}.Debug|Any CPU.Build.0 = Debug|Any CPU
		{0910B346-1DF9-4907-9B68-D555863721D2}.Release|Any CPU.ActiveCfg = Release|Any CPU
		{0910B346-1DF9-4907-9B68-D555863721D2}.Release|Any CPU.Build.0 = Release|Any CPU
		{B8F2A0CB-3A48-474C-9676-44370D633FF7}.Debug|Any CPU.ActiveCfg = Debug|Any CPU
		{B8F2A0CB-3A48-474C-9676-44370D633FF7}.Debug|Any CPU.Build.0 = Debug|Any CPU
		{B8F2A0CB-3A48-474C-9676-44370D633FF7}.Release|Any CPU.ActiveCfg = Release|Any CPU
		{B8F2A0CB-3A48-474C-9676-44370D633FF7}.Release|Any CPU.Build.0 = Release|Any CPU
		{8F9C6514-9540-48E7-B76F-4918ECE99A6F}.Debug|Any CPU.ActiveCfg = Debug|Any CPU
		{8F9C6514-9540-48E7-B76F-4918ECE99A6F}.Debug|Any CPU.Build.0 = Debug|Any CPU
		{8F9C6514-9540-48E7-B76F-4918ECE99A6F}.Release|Any CPU.ActiveCfg = Release|Any CPU
		{8F9C6514-9540-48E7-B76F-4918ECE99A6F}.Release|Any CPU.Build.0 = Release|Any CPU
	EndGlobalSection
	GlobalSection(SolutionProperties) = preSolution
		HideSolutionNode = FALSE
	EndGlobalSection
	GlobalSection(ExtensibilityGlobals) = postSolution
		SolutionGuid = {4771AB17-706D-426D-A445-63BAD28F2B92}
	EndGlobalSection
EndGlobal
